# This file was autogenerated by uv via the following command:
#    uv pip compile requirements.txt -o requirements.lock
aiohappyeyeballs==2.6.1
    # via aiohttp
aiohttp==3.11.16
    # via together
aiosignal==1.3.2
    # via aiohttp
annotated-types==0.7.0
    # via pydantic
anthropic==0.49.0
    # via -r requirements.txt
anyio==4.9.0
    # via
    #   anthropic
    #   httpx
    #   openai
attrs==25.3.0
    # via aiohttp
certifi==2025.1.31
    # via
    #   httpcore
    #   httpx
    #   requests
charset-normalizer==3.4.1
    # via requests
click==8.1.8
    # via
    #   together
    #   typer
distro==1.9.0
    # via
    #   anthropic
    #   openai
eval-type-backport==0.2.2
    # via together
filelock==3.18.0
    # via together
frozenlist==1.5.0
    # via
    #   aiohttp
    #   aiosignal
h11==0.14.0
    # via httpcore
httpcore==1.0.7
    # via httpx
httpx==0.28.1
    # via
    #   anthropic
    #   openai
idna==3.10
    # via
    #   anyio
    #   httpx
    #   requests
    #   yarl
jiter==0.9.0
    # via
    #   anthropic
    #   openai
markdown-it-py==3.0.0
    # via rich
mdurl==0.1.2
    # via markdown-it-py
multidict==6.2.0
    # via
    #   aiohttp
    #   yarl
numpy==2.2.4
    # via together
openai==1.70.0
    # via -r requirements.txt
pillow==11.1.0
    # via together
propcache==0.3.1
    # via
    #   aiohttp
    #   yarl
pyarrow==19.0.1
    # via together
pydantic==2.11.1
    # via
    #   anthropic
    #   openai
    #   together
pydantic-core==2.33.0
    # via pydantic
pygments==2.19.1
    # via rich
requests==2.32.3
    # via together
rich==13.9.4
    # via
    #   together
    #   typer
shellingham==1.5.4
    # via typer
sniffio==1.3.1
    # via
    #   anthropic
    #   anyio
    #   openai
tabulate==0.9.0
    # via together
together==1.5.4
    # via -r requirements.txt
tqdm==4.67.1
    # via
    #   openai
    #   together
typer==0.15.2
    # via together
typing-extensions==4.13.0
    # via
    #   anthropic
    #   anyio
    #   openai
    #   pydantic
    #   pydantic-core
    #   typer
    #   typing-inspection
typing-inspection==0.4.0
    # via pydantic
urllib3==2.3.0
    # via requests
yarl==1.18.3
    # via aiohttp
